
Microsoft Visual Studio Solution File, Format Version 12.00
# Visual Studio 15
VisualStudioVersion = 15.0.27428.2015
MinimumVisualStudioVersion = 10.0.40219.1
Project("{9A19103F-16F7-4668-BE54-9A1E7A4F7556}") = "TimeTaken", "TimeTaken\TimeTaken.csproj", "{D7F9A8C9-E401-4D02-81CF-56089CD4DFAA}"
EndProject
Project("{9A19103F-16F7-4668-BE54-9A1E7A4F7556}") = "TimeTakenTests", "TimeTakenTests\TimeTakenTests.csproj", "{DD609BE1-19FF-4378-AEFE-C291D26BCC07}"
EndProject
Project("{9A19103F-16F7-4668-BE54-9A1E7A4F7556}") = "Example", "Example\Example.csproj", "{51115A4D-A30A-4C03-ABAA-571F7FEB762B}"
EndProject
Global
	GlobalSection(SolutionConfigurationPlatforms) = preSolution
		Debug|Any CPU = Debug|Any CPU
		Release|Any CPU = Release|Any CPU
	EndGlobalSection
	GlobalSection(ProjectConfigurationPlatforms) = postSolution
		{D7F9A8C9-E401-4D02-81CF-56089CD4DFAA}.Debug|Any CPU.ActiveCfg = Debug|Any CPU
		{D7F9A8C9-E401-4D02-81CF-56089CD4DFAA}.Debug|Any CPU.Build.0 = Debug|Any CPU
		{D7F9A8C9-E401-4D02-81CF-56089CD4DFAA}.Release|Any CPU.ActiveCfg = Release|Any CPU
		{D7F9A8C9-E401-4D02-81CF-56089CD4DFAA}.Release|Any CPU.Build.0 = Release|Any CPU
		{DD609BE1-19FF-4378-AEFE-C291D26BCC07}.Debug|Any CPU.ActiveCfg = Debug|Any CPU
		{DD609BE1-19FF-4378-AEFE-C291D26BCC07}.Debug|Any CPU.Build.0 = Debug|Any CPU
		{DD609BE1-19FF-4378-AEFE-C291D26BCC07}.Release|Any CPU.ActiveCfg = Release|Any CPU
		{DD609BE1-19FF-4378-AEFE-C291D26BCC07}.Release|Any CPU.Build.0 = Release|Any CPU
		{51115A4D-A30A-4C03-ABAA-571F7FEB762B}.Debug|Any CPU.ActiveCfg = Debug|Any CPU
		{51115A4D-A30A-4C03-ABAA-571F7FEB762B}.Debug|Any CPU.Build.0 = Debug|Any CPU
		{51115A4D-A30A-4C03-ABAA-571F7FEB762B}.Release|Any CPU.ActiveCfg = Release|Any CPU
		{51115A4D-A30A-4C03-ABAA-571F7FEB762B}.Release|Any CPU.Build.0 = Release|Any CPU
	EndGlobalSection
	GlobalSection(SolutionProperties) = preSolution
		HideSolutionNode = FALSE
	EndGlobalSection
	GlobalSection(ExtensibilityGlobals) = postSolution
		SolutionGuid = {ECEC7871-206F-418B-A58B-B73A1FAFEEAE}
	EndGlobalSection
EndGlobal
